
Microsoft Visual Studio Solution File, Format Version 12.00
# Visual Studio 15
VisualStudioVersion = 15.0.26430.12
MinimumVisualStudioVersion = 10.0.40219.1
Project("{2150E333-8FDC-42A3-9474-1A3956D46DE8}") = "Solution Items", "Solution Items", "{7FCC7DFA-5A6D-49A4-A2D9-7DBE0155F414}"
	ProjectSection(SolutionItems) = preProject
		clientbootstrap.sh = clientbootstrap.sh
		serverbootstrap.sh = serverbootstrap.sh
		Vagrantfile = Vagrantfile
	EndProjectSection
EndProject
Project("{888888A0-9F3D-457C-B088-3A5042F75D52}") = "Client", "Client\Client.pyproj", "{783C02EF-4059-40BC-AC9A-8463CCBED44F}"
EndProject
Project("{888888A0-9F3D-457C-B088-3A5042F75D52}") = "server", "server\server.pyproj", "{89BA36E4-D4B2-4485-B297-268DA959291E}"
EndProject
Global
	GlobalSection(SolutionConfigurationPlatforms) = preSolution
		Debug|Any CPU = Debug|Any CPU
		Debug|x64 = Debug|x64
		Debug|x86 = Debug|x86
		Release|Any CPU = Release|Any CPU
		Release|x64 = Release|x64
		Release|x86 = Release|x86
	EndGlobalSection
	GlobalSection(ProjectConfigurationPlatforms) = postSolution
		{783C02EF-4059-40BC-AC9A-8463CCBED44F}.Debug|Any CPU.ActiveCfg = Debug|Any CPU
		{783C02EF-4059-40BC-AC9A-8463CCBED44F}.Debug|x64.ActiveCfg = Debug|Any CPU
		{783C02EF-4059-40BC-AC9A-8463CCBED44F}.Debug|x86.ActiveCfg = Debug|Any CPU
		{783C02EF-4059-40BC-AC9A-8463CCBED44F}.Release|Any CPU.ActiveCfg = Release|Any CPU
		{783C02EF-4059-40BC-AC9A-8463CCBED44F}.Release|x64.ActiveCfg = Release|Any CPU
		{783C02EF-4059-40BC-AC9A-8463CCBED44F}.Release|x86.ActiveCfg = Release|Any CPU
		{89BA36E4-D4B2-4485-B297-268DA959291E}.Debug|Any CPU.ActiveCfg = Debug|Any CPU
		{89BA36E4-D4B2-4485-B297-268DA959291E}.Debug|x64.ActiveCfg = Debug|Any CPU
		{89BA36E4-D4B2-4485-B297-268DA959291E}.Debug|x86.ActiveCfg = Debug|Any CPU
		{89BA36E4-D4B2-4485-B297-268DA959291E}.Release|Any CPU.ActiveCfg = Release|Any CPU
		{89BA36E4-D4B2-4485-B297-268DA959291E}.Release|x64.ActiveCfg = Release|Any CPU
		{89BA36E4-D4B2-4485-B297-268DA959291E}.Release|x86.ActiveCfg = Release|Any CPU
	EndGlobalSection
	GlobalSection(SolutionProperties) = preSolution
		HideSolutionNode = FALSE
	EndGlobalSection
EndGlobal
